
Microsoft Visual Studio Solution File, Format Version 12.00
# Visual Studio Version 17
VisualStudioVersion = 17.4.33205.214
MinimumVisualStudioVersion = 10.0.40219.1
Project("{9A19103F-16F7-4668-BE54-9A1E7A4F7556}") = "COVID19Tracker", "COVID-19 Tracker\COVID19Tracker.csproj", "{B80635DF-7F6F-4A44-88DA-A973D8D56D16}"
EndProject
Global
	GlobalSection(SolutionConfigurationPlatforms) = preSolution
		Debug|Any CPU = Debug|Any CPU
		Release|Any CPU = Release|Any CPU
	EndGlobalSection
	GlobalSection(ProjectConfigurationPlatforms) = postSolution
		{B80635DF-7F6F-4A44-88DA-A973D8D56D16}.Debug|Any CPU.ActiveCfg = Debug|Any CPU
		{B80635DF-7F6F-4A44-88DA-A973D8D56D16}.Debug|Any CPU.Build.0 = Debug|Any CPU
		{B80635DF-7F6F-4A44-88DA-A973D8D56D16}.Release|Any CPU.ActiveCfg = Release|Any CPU
		{B80635DF-7F6F-4A44-88DA-A973D8D56D16}.Release|Any CPU.Build.0 = Release|Any CPU
	EndGlobalSection
	GlobalSection(SolutionProperties) = preSolution
		HideSolutionNode = FALSE
	EndGlobalSection
	GlobalSection(ExtensibilityGlobals) = postSolution
		SolutionGuid = {7759EF4A-2800-4FFA-B4EE-D48E1D4D3176}
	EndGlobalSection
EndGlobal
